
Microsoft Visual Studio Solution File, Format Version 12.00
# Visual Studio Version 16
VisualStudioVersion = 16.0.31702.278
MinimumVisualStudioVersion = 10.0.40219.1
Project("{FAE04EC0-301F-11D3-BF4B-00C04F79EFBC}") = "ExercicioFixacao", "ExercicioFixacao\ExercicioFixacao.csproj", "{EA71F41F-618C-4838-A4FF-2E905FF9F10B}"
EndProject
Global
	GlobalSection(SolutionConfigurationPlatforms) = preSolution
		Debug|Any CPU = Debug|Any CPU
		Release|Any CPU = Release|Any CPU
	EndGlobalSection
	GlobalSection(ProjectConfigurationPlatforms) = postSolution
		{EA71F41F-618C-4838-A4FF-2E905FF9F10B}.Debug|Any CPU.ActiveCfg = Debug|Any CPU
		{EA71F41F-618C-4838-A4FF-2E905FF9F10B}.Debug|Any CPU.Build.0 = Debug|Any CPU
		{EA71F41F-618C-4838-A4FF-2E905FF9F10B}.Release|Any CPU.ActiveCfg = Release|Any CPU
		{EA71F41F-618C-4838-A4FF-2E905FF9F10B}.Release|Any CPU.Build.0 = Release|Any CPU
	EndGlobalSection
	GlobalSection(SolutionProperties) = preSolution
		HideSolutionNode = FALSE
	EndGlobalSection
	GlobalSection(ExtensibilityGlobals) = postSolution
		SolutionGuid = {AE18DE7D-9BE9-443B-AF06-5DB83C1D3D63}
	EndGlobalSection
EndGlobal
